// !$*UTF8*$!
{
	archiveVersion = 1;
	classes = {
	};
	objectVersion = 50;
	objects = {

/* Begin PBXBuildFile section */
		A117CADF22B8E98900276235 /* AppDelegate.swift in Sources */ = {isa = PBXBuildFile; fileRef = A117CADE22B8E98900276235 /* AppDelegate.swift */; };
		A117CAE122B8E98900276235 /* ViewController.swift in Sources */ = {isa = PBXBuildFile; fileRef = A117CAE022B8E98900276235 /* ViewController.swift */; };
		A117CAE422B8E98900276235 /* Main.storyboard in Resources */ = {isa = PBXBuildFile; fileRef = A117CAE222B8E98900276235 /* Main.storyboard */; };
		A117CAE622B8E98A00276235 /* Assets.xcassets in Resources */ = {isa = PBXBuildFile; fileRef = A117CAE522B8E98A00276235 /* Assets.xcassets */; };
		A117CAE922B8E98A00276235 /* LaunchScreen.storyboard in Resources */ = {isa = PBXBuildFile; fileRef = A117CAE722B8E98A00276235 /* LaunchScreen.storyboard */; };
		A117CAF422B8E98A00276235 /* ThreadSwiftDemoTests.swift in Sources */ = {isa = PBXBuildFile; fileRef = A117CAF322B8E98A00276235 /* ThreadSwiftDemoTests.swift */; };
		A117CAFF22B8E98A00276235 /* ThreadSwiftDemoUITests.swift in Sources */ = {isa = PBXBuildFile; fileRef = A117CAFE22B8E98A00276235 /* ThreadSwiftDemoUITests.swift */; };
/* End PBXBuildFile section */

/* Begin PBXContainerItemProxy section */
		A117CAF022B8E98A00276235 /* PBXContainerItemProxy */ = {
			isa = PBXContainerItemProxy;
			containerPortal = A117CAD322B8E98900276235 /* Project object */;
			proxyType = 1;
			remoteGlobalIDString = A117CADA22B8E98900276235;
			remoteInfo = ThreadSwiftDemo;
		};
		A117CAFB22B8E98A00276235 /* PBXContainerItemProxy */ = {
			isa = PBXContainerItemProxy;
			containerPortal = A117CAD322B8E98900276235 /* Project object */;
			proxyType = 1;
			remoteGlobalIDString = A117CADA22B8E98900276235;
			remoteInfo = ThreadSwiftDemo;
		};
/* End PBXContainerItemProxy section */

/* Begin PBXFileReference section */
		A117CADB22B8E98900276235 /* ThreadSwiftDemo.app */ = {isa = PBXFileReference; explicitFileType = wrapper.application; includeInIndex = 0; path = ThreadSwiftDemo.app; sourceTree = BUILT_PRODUCTS_DIR; };
		A117CADE22B8E98900276235 /* AppDelegate.swift */ = {isa = PBXFileReference; lastKnownFileType = sourcecode.swift; path = AppDelegate.swift; sourceTree = "<group>"; };
		A117CAE022B8E98900276235 /* ViewController.swift */ = {isa = PBXFileReference; lastKnownFileType = sourcecode.swift; path = ViewController.swift; sourceTree = "<group>"; };
		A117CAE322B8E98900276235 /* Base */ = {isa = PBXFileReference; lastKnownFileType = file.storyboard; name = Base; path = Base.lproj/Main.storyboard; sourceTree = "<group>"; };
		A117CAE522B8E98A00276235 /* Assets.xcassets */ = {isa = PBXFileReference; lastKnownFileType = folder.assetcatalog; path = Assets.xcassets; sourceTree = "<group>"; };
		A117CAE822B8E98A00276235 /* Base */ = {isa = PBXFileReference; lastKnownFileType = file.storyboard; name = Base; path = Base.lproj/LaunchScreen.storyboard; sourceTree = "<group>"; };
		A117CAEA22B8E98A00276235 /* Info.plist */ = {isa = PBXFileReference; lastKnownFileType = text.plist.xml; path = Info.plist; sourceTree = "<group>"; };
		A117CAEF22B8E98A00276235 /* ThreadSwiftDemoTests.xctest */ = {isa = PBXFileReference; explicitFileType = wrapper.cfbundle; includeInIndex = 0; path = ThreadSwiftDemoTests.xctest; sourceTree = BUILT_PRODUCTS_DIR; };
		A117CAF322B8E98A00276235 /* ThreadSwiftDemoTests.swift */ = {isa = PBXFileReference; lastKnownFileType = sourcecode.swift; path = ThreadSwiftDemoTests.swift; sourceTree = "<group>"; };
		A117CAF522B8E98A00276235 /* Info.plist */ = {isa = PBXFileReference; lastKnownFileType = text.plist.xml; path = Info.plist; sourceTree = "<group>"; };
		A117CAFA22B8E98A00276235 /* ThreadSwiftDemoUITests.xctest */ = {isa = PBXFileReference; explicitFileType = wrapper.cfbundle; includeInIndex = 0; path = ThreadSwiftDemoUITests.xctest; sourceTree = BUILT_PRODUCTS_DIR; };
		A117CAFE22B8E98A00276235 /* ThreadSwiftDemoUITests.swift */ = {isa = PBXFileReference; lastKnownFileType = sourcecode.swift; path = ThreadSwiftDemoUITests.swift; sourceTree = "<group>"; };
		A117CB0022B8E98A00276235 /* Info.plist */ = {isa = PBXFileReference; lastKnownFileType = text.plist.xml; path = Info.plist; sourceTree = "<group>"; };
/* End PBXFileReference section */

/* Begin PBXFrameworksBuildPhase section */
		A117CAD822B8E98900276235 /* Frameworks */ = {
			isa = PBXFrameworksBuildPhase;
			buildActionMask = 2147483647;
			files = (
			);
			runOnlyForDeploymentPostprocessing = 0;
		};
		A117CAEC22B8E98A00276235 /* Frameworks */ = {
			isa = PBXFrameworksBuildPhase;
			buildActionMask = 2147483647;
			files = (
			);
			runOnlyForDeploymentPostprocessing = 0;
		};
		A117CAF722B8E98A00276235 /* Frameworks */ = {
			isa = PBXFrameworksBuildPhase;
			buildActionMask = 2147483647;
			files = (
			);
			runOnlyForDeploymentPostprocessing = 0;
		};
/* End PBXFrameworksBuildPhase section */

/* Begin PBXGroup section */
		A117CAD222B8E98900276235 = {
			isa = PBXGroup;
			children = (
				A117CADD22B8E98900276235 /* ThreadSwiftDemo */,
				A117CAF222B8E98A00276235 /* ThreadSwiftDemoTests */,
				A117CAFD22B8E98A00276235 /* ThreadSwiftDemoUITests */,
				A117CADC22B8E98900276235 /* Products */,
			);
			sourceTree = "<group>";
		};
		A117CADC22B8E98900276235 /* Products */ = {
			isa = PBXGroup;
			children = (
				A117CADB22B8E98900276235 /* ThreadSwiftDemo.app */,
				A117CAEF22B8E98A00276235 /* ThreadSwiftDemoTests.xctest */,
				A117CAFA22B8E98A00276235 /* ThreadSwiftDemoUITests.xctest */,
			);
			name = Products;
			sourceTree = "<group>";
		};
		A117CADD22B8E98900276235 /* ThreadSwiftDemo */ = {
			isa = PBXGroup;
			children = (
				A117CADE22B8E98900276235 /* AppDelegate.swift */,
				A117CAE022B8E98900276235 /* ViewController.swift */,
				A117CAE222B8E98900276235 /* Main.storyboard */,
				A117CAE522B8E98A00276235 /* Assets.xcassets */,
				A117CAE722B8E98A00276235 /* LaunchScreen.storyboard */,
				A117CAEA22B8E98A00276235 /* Info.plist */,
			);
			path = ThreadSwiftDemo;
			sourceTree = "<group>";
		};
		A117CAF222B8E98A00276235 /* ThreadSwiftDemoTests */ = {
			isa = PBXGroup;
			children = (
				A117CAF322B8E98A00276235 /* ThreadSwiftDemoTests.swift */,
				A117CAF522B8E98A00276235 /* Info.plist */,
			);
			path = ThreadSwiftDemoTests;
			sourceTree = "<group>";
		};
		A117CAFD22B8E98A00276235 /* ThreadSwiftDemoUITests */ = {
			isa = PBXGroup;
			children = (
				A117CAFE22B8E98A00276235 /* ThreadSwiftDemoUITests.swift */,
				A117CB0022B8E98A00276235 /* Info.plist */,
			);
			path = ThreadSwiftDemoUITests;
			sourceTree = "<group>";
		};
/* End PBXGroup section */

/* Begin PBXNativeTarget section */
		A117CADA22B8E98900276235 /* ThreadSwiftDemo */ = {
			isa = PBXNativeTarget;
			buildConfigurationList = A117CB0322B8E98A00276235 /* Build configuration list for PBXNativeTarget "ThreadSwiftDemo" */;
			buildPhases = (
				A117CAD722B8E98900276235 /* Sources */,
				A117CAD822B8E98900276235 /* Frameworks */,
				A117CAD922B8E98900276235 /* Resources */,
			);
			buildRules = (
			);
			dependencies = (
			);
			name = ThreadSwiftDemo;
			productName = ThreadSwiftDemo;
			productReference = A117CADB22B8E98900276235 /* ThreadSwiftDemo.app */;
			productType = "com.apple.product-type.application";
		};
		A117CAEE22B8E98A00276235 /* ThreadSwiftDemoTests */ = {
			isa = PBXNativeTarget;
			buildConfigurationList = A117CB0622B8E98A00276235 /* Build configuration list for PBXNativeTarget "ThreadSwiftDemoTests" */;
			buildPhases = (
				A117CAEB22B8E98A00276235 /* Sources */,
				A117CAEC22B8E98A00276235 /* Frameworks */,
				A117CAED22B8E98A00276235 /* Resources */,
			);
			buildRules = (
			);
			dependencies = (
				A117CAF122B8E98A00276235 /* PBXTargetDependency */,
			);
			name = ThreadSwiftDemoTests;
			productName = ThreadSwiftDemoTests;
			productReference = A117CAEF22B8E98A00276235 /* ThreadSwiftDemoTests.xctest */;
			productType = "com.apple.product-type.bundle.unit-test";
		};
		A117CAF922B8E98A00276235 /* ThreadSwiftDemoUITests */ = {
			isa = PBXNativeTarget;
			buildConfigurationList = A117CB0922B8E98A00276235 /* Build configuration list for PBXNativeTarget "ThreadSwiftDemoUITests" */;
			buildPhases = (
				A117CAF622B8E98A00276235 /* Sources */,
				A117CAF722B8E98A00276235 /* Frameworks */,
				A117CAF822B8E98A00276235 /* Resources */,
			);
			buildRules = (
			);
			dependencies = (
				A117CAFC22B8E98A00276235 /* PBXTargetDependency */,
			);
			name = ThreadSwiftDemoUITests;
			productName = ThreadSwiftDemoUITests;
			productReference = A117CAFA22B8E98A00276235 /* ThreadSwiftDemoUITests.xctest */;
			productType = "com.apple.product-type.bundle.ui-testing";
		};
/* End PBXNativeTarget section */

/* Begin PBXProject section */
		A117CAD322B8E98900276235 /* Project object */ = {
			isa = PBXProject;
			attributes = {
				LastSwiftUpdateCheck = 1020;
				LastUpgradeCheck = 1020;
				ORGANIZATIONNAME = "吕建雄";
				TargetAttributes = {
					A117CADA22B8E98900276235 = {
						CreatedOnToolsVersion = 10.2.1;
					};
					A117CAEE22B8E98A00276235 = {
						CreatedOnToolsVersion = 10.2.1;
						TestTargetID = A117CADA22B8E98900276235;
					};
					A117CAF922B8E98A00276235 = {
						CreatedOnToolsVersion = 10.2.1;
						TestTargetID = A117CADA22B8E98900276235;
					};
				};
			};
			buildConfigurationList = A117CAD622B8E98900276235 /* Build configuration list for PBXProject "ThreadSwiftDemo" */;
			compatibilityVersion = "Xcode 9.3";
			developmentRegion = en;
			hasScannedForEncodings = 0;
			knownRegions = (
				en,
				Base,
			);
			mainGroup = A117CAD222B8E98900276235;
			productRefGroup = A117CADC22B8E98900276235 /* Products */;
			projectDirPath = "";
			projectRoot = "";
			targets = (
				A117CADA22B8E98900276235 /* ThreadSwiftDemo */,
				A117CAEE22B8E98A00276235 /* ThreadSwiftDemoTests */,
				A117CAF922B8E98A00276235 /* ThreadSwiftDemoUITests */,
			);
		};
/* End PBXProject section */

/* Begin PBXResourcesBuildPhase section */
		A117CAD922B8E98900276235 /* Resources */ = {
			isa = PBXResourcesBuildPhase;
			buildActionMask = 2147483647;
			files = (
				A117CAE922B8E98A00276235 /* LaunchScreen.storyboard in Resources */,
				A117CAE622B8E98A00276235 /* Assets.xcassets in Resources */,
				A117CAE422B8E98900276235 /* Main.storyboard in Resources */,
			);
			runOnlyForDeploymentPostprocessing = 0;
		};
		A117CAED22B8E98A00276235 /* Resources */ = {
			isa = PBXResourcesBuildPhase;
			buildActionMask = 2147483647;
			files = (
			);
			runOnlyForDeploymentPostprocessing = 0;
		};
		A117CAF822B8E98A00276235 /* Resources */ = {
			isa = PBXResourcesBuildPhase;
			buildActionMask = 2147483647;
			files = (
			);
			runOnlyForDeploymentPostprocessing = 0;
		};
/* End PBXResourcesBuildPhase section */

/* Begin PBXSourcesBuildPhase section */
		A117CAD722B8E98900276235 /* Sources */ = {
			isa = PBXSourcesBuildPhase;
			buildActionMask = 2147483647;
			files = (
				A117CAE122B8E98900276235 /* ViewController.swift in Sources */,
				A117CADF22B8E98900276235 /* AppDelegate.swift in Sources */,
			);
			runOnlyForDeploymentPostprocessing = 0;
		};
		A117CAEB22B8E98A00276235 /* Sources */ = {
			isa = PBXSourcesBuildPhase;
			buildActionMask = 2147483647;
			files = (
				A117CAF422B8E98A00276235 /* ThreadSwiftDemoTests.swift in Sources */,
			);
			runOnlyForDeploymentPostprocessing = 0;
		};
		A117CAF622B8E98A00276235 /* Sources */ = {
			isa = PBXSourcesBuildPhase;
			buildActionMask = 2147483647;
			files = (
				A117CAFF22B8E98A00276235 /* ThreadSwiftDemoUITests.swift in Sources */,
			);
			runOnlyForDeploymentPostprocessing = 0;
		};
/* End PBXSourcesBuildPhase section */

/* Begin PBXTargetDependency section */
		A117CAF122B8E98A00276235 /* PBXTargetDependency */ = {
			isa = PBXTargetDependency;
			target = A117CADA22B8E98900276235 /* ThreadSwiftDemo */;
			targetProxy = A117CAF022B8E98A00276235 /* PBXContainerItemProxy */;
		};
		A117CAFC22B8E98A00276235 /* PBXTargetDependency */ = {
			isa = PBXTargetDependency;
			target = A117CADA22B8E98900276235 /* ThreadSwiftDemo */;
			targetProxy = A117CAFB22B8E98A00276235 /* PBXContainerItemProxy */;
		};
/* End PBXTargetDependency section */

/* Begin PBXVariantGroup section */
		A117CAE222B8E98900276235 /* Main.storyboard */ = {
			isa = PBXVariantGroup;
			children = (
				A117CAE322B8E98900276235 /* Base */,
			);
			name = Main.storyboard;
			sourceTree = "<group>";
		};
		A117CAE722B8E98A00276235 /* LaunchScreen.storyboard */ = {
			isa = PBXVariantGroup;
			children = (
				A117CAE822B8E98A00276235 /* Base */,
			);
			name = LaunchScreen.storyboard;
			sourceTree = "<group>";
		};
/* End PBXVariantGroup section */

/* Begin XCBuildConfiguration section */
		A117CB0122B8E98A00276235 /* Debug */ = {
			isa = XCBuildConfiguration;
			buildSettings = {
				ALWAYS_SEARCH_USER_PATHS = NO;
				CLANG_ANALYZER_NONNULL = YES;
				CLANG_ANALYZER_NUMBER_OBJECT_CONVERSION = YES_AGGRESSIVE;
				CLANG_CXX_LANGUAGE_STANDARD = "gnu++14";
				CLANG_CXX_LIBRARY = "libc++";
				CLANG_ENABLE_MODULES = YES;
				CLANG_ENABLE_OBJC_ARC = YES;
				CLANG_ENABLE_OBJC_WEAK = YES;
				CLANG_WARN_BLOCK_CAPTURE_AUTORELEASING = YES;
				CLANG_WARN_BOOL_CONVERSION = YES;
				CLANG_WARN_COMMA = YES;
				CLANG_WARN_CONSTANT_CONVERSION = YES;
				CLANG_WARN_DEPRECATED_OBJC_IMPLEMENTATIONS = YES;
				CLANG_WARN_DIRECT_OBJC_ISA_USAGE = YES_ERROR;
				CLANG_WARN_DOCUMENTATION_COMMENTS = YES;
				CLANG_WARN_EMPTY_BODY = YES;
				CLANG_WARN_ENUM_CONVERSION = YES;
				CLANG_WARN_INFINITE_RECURSION = YES;
				CLANG_WARN_INT_CONVERSION = YES;
				CLANG_WARN_NON_LITERAL_NULL_CONVERSION = YES;
				CLANG_WARN_OBJC_IMPLICIT_RETAIN_SELF = YES;
				CLANG_WARN_OBJC_LITERAL_CONVERSION = YES;
				CLANG_WARN_OBJC_ROOT_CLASS = YES_ERROR;
				CLANG_WARN_RANGE_LOOP_ANALYSIS = YES;
				CLANG_WARN_STRICT_PROTOTYPES = YES;
				CLANG_WARN_SUSPICIOUS_MOVE = YES;
				CLANG_WARN_UNGUARDED_AVAILABILITY = YES_AGGRESSIVE;
				CLANG_WARN_UNREACHABLE_CODE = YES;
				CLANG_WARN__DUPLICATE_METHOD_MATCH = YES;
				CODE_SIGN_IDENTITY = "iPhone Developer";
				COPY_PHASE_STRIP = NO;
				DEBUG_INFORMATION_FORMAT = dwarf;
				ENABLE_STRICT_OBJC_MSGSEND = YES;
				ENABLE_TESTABILITY = YES;
				GCC_C_LANGUAGE_STANDARD = gnu11;
				GCC_DYNAMIC_NO_PIC = NO;
				GCC_NO_COMMON_BLOCKS = YES;
				GCC_OPTIMIZATION_LEVEL = 0;
				GCC_PREPROCESSOR_DEFINITIONS = (
					"DEBUG=1",
					"$(inherited)",
				);
				GCC_WARN_64_TO_32_BIT_CONVERSION = YES;
				GCC_WARN_ABOUT_RETURN_TYPE = YES_ERROR;
				GCC_WARN_UNDECLARED_SELECTOR = YES;
				GCC_WARN_UNINITIALIZED_AUTOS = YES_AGGRESSIVE;
				GCC_WARN_UNUSED_FUNCTION = YES;
				GCC_WARN_UNUSED_VARIABLE = YES;
				IPHONEOS_DEPLOYMENT_TARGET = 12.2;
				MTL_ENABLE_DEBUG_INFO = INCLUDE_SOURCE;
				MTL_FAST_MATH = YES;
				ONLY_ACTIVE_ARCH = YES;
				SDKROOT = iphoneos;
				SWIFT_ACTIVE_COMPILATION_CONDITIONS = DEBUG;
				SWIFT_OPTIMIZATION_LEVEL = "-Onone";
			};
			name = Debug;
		};
		A117CB0222B8E98A00276235 /* Release */ = {
			isa = XCBuildConfiguration;
			buildSettings = {
				ALWAYS_SEARCH_USER_PATHS = NO;
				CLANG_ANALYZER_NONNULL = YES;
				CLANG_ANALYZER_NUMBER_OBJECT_CONVERSION = YES_AGGRESSIVE;
				CLANG_CXX_LANGUAGE_STANDARD = "gnu++14";
				CLANG_CXX_LIBRARY = "libc++";
				CLANG_ENABLE_MODULES = YES;
				CLANG_ENABLE_OBJC_ARC = YES;
				CLANG_ENABLE_OBJC_WEAK = YES;
				CLANG_WARN_BLOCK_CAPTURE_AUTORELEASING = YES;
				CLANG_WARN_BOOL_CONVERSION = YES;
				CLANG_WARN_COMMA = YES;
				CLANG_WARN_CONSTANT_CONVERSION = YES;
				CLANG_WARN_DEPRECATED_OBJC_IMPLEMENTATIONS = YES;
				CLANG_WARN_DIRECT_OBJC_ISA_USAGE = YES_ERROR;
				CLANG_WARN_DOCUMENTATION_COMMENTS = YES;
				CLANG_WARN_EMPTY_BODY = YES;
				CLANG_WARN_ENUM_CONVERSION = YES;
				CLANG_WARN_INFINITE_RECURSION = YES;
				CLANG_WARN_INT_CONVERSION = YES;
				CLANG_WARN_NON_LITERAL_NULL_CONVERSION = YES;
				CLANG_WARN_OBJC_IMPLICIT_RETAIN_SELF = YES;
				CLANG_WARN_OBJC_LITERAL_CONVERSION = YES;
				CLANG_WARN_OBJC_ROOT_CLASS = YES_ERROR;
				CLANG_WARN_RANGE_LOOP_ANALYSIS = YES;
				CLANG_WARN_STRICT_PROTOTYPES = YES;
				CLANG_WARN_SUSPICIOUS_MOVE = YES;
				CLANG_WARN_UNGUARDED_AVAILABILITY = YES_AGGRESSIVE;
				CLANG_WARN_UNREACHABLE_CODE = YES;
				CLANG_WARN__DUPLICATE_METHOD_MATCH = YES;
				CODE_SIGN_IDENTITY = "iPhone Developer";
				COPY_PHASE_STRIP = NO;
				DEBUG_INFORMATION_FORMAT = "dwarf-with-dsym";
				ENABLE_NS_ASSERTIONS = NO;
				ENABLE_STRICT_OBJC_MSGSEND = YES;
				GCC_C_LANGUAGE_STANDARD = gnu11;
				GCC_NO_COMMON_BLOCKS = YES;
				GCC_WARN_64_TO_32_BIT_CONVERSION = YES;
				GCC_WARN_ABOUT_RETURN_TYPE = YES_ERROR;
				GCC_WARN_UNDECLARED_SELECTOR = YES;
				GCC_WARN_UNINITIALIZED_AUTOS = YES_AGGRESSIVE;
				GCC_WARN_UNUSED_FUNCTION = YES;
				GCC_WARN_UNUSED_VARIABLE = YES;
				IPHONEOS_DEPLOYMENT_TARGET = 12.2;
				MTL_ENABLE_DEBUG_INFO = NO;
				MTL_FAST_MATH = YES;
				SDKROOT = iphoneos;
				SWIFT_COMPILATION_MODE = wholemodule;
				SWIFT_OPTIMIZATION_LEVEL = "-O";
				VALIDATE_PRODUCT = YES;
			};
			name = Release;
		};
		A117CB0422B8E98A00276235 /* Debug */ = {
			isa = XCBuildConfiguration;
			buildSettings = {
				ASSETCATALOG_COMPILER_APPICON_NAME = AppIcon;
				CODE_SIGN_STYLE = Automatic;
				DEVELOPMENT_TEAM = LJS52UBL9T;
				INFOPLIST_FILE = ThreadSwiftDemo/Info.plist;
				LD_RUNPATH_SEARCH_PATHS = (
					"$(inherited)",
					"@executable_path/Frameworks",
				);
				PRODUCT_BUNDLE_IDENTIFIER = im.botim.network.ThreadSwiftDemo;
				PRODUCT_NAME = "$(TARGET_NAME)";
				SWIFT_VERSION = 5.0;
				TARGETED_DEVICE_FAMILY = "1,2";
			};
			name = Debug;
		};
		A117CB0522B8E98A00276235 /* Release */ = {
			isa = XCBuildConfiguration;
			buildSettings = {
				ASSETCATALOG_COMPILER_APPICON_NAME = AppIcon;
				CODE_SIGN_STYLE = Automatic;
				DEVELOPMENT_TEAM = LJS52UBL9T;
				INFOPLIST_FILE = ThreadSwiftDemo/Info.plist;
				LD_RUNPATH_SEARCH_PATHS = (
					"$(inherited)",
					"@executable_path/Frameworks",
				);
				PRODUCT_BUNDLE_IDENTIFIER = im.botim.network.ThreadSwiftDemo;
				PRODUCT_NAME = "$(TARGET_NAME)";
				SWIFT_VERSION = 5.0;
				TARGETED_DEVICE_FAMILY = "1,2";
			};
			name = Release;
		};
		A117CB0722B8E98A00276235 /* Debug */ = {
			isa = XCBuildConfiguration;
			buildSettings = {
				ALWAYS_EMBED_SWIFT_STANDARD_LIBRARIES = YES;
				BUNDLE_LOADER = "$(TEST_HOST)";
				CODE_SIGN_STYLE = Automatic;
				DEVELOPMENT_TEAM = LJS52UBL9T;
				INFOPLIST_FILE = ThreadSwiftDemoTests/Info.plist;
				LD_RUNPATH_SEARCH_PATHS = (
					"$(inherited)",
					"@executable_path/Frameworks",
					"@loader_path/Frameworks",
				);
				PRODUCT_BUNDLE_IDENTIFIER = im.botim.network.ThreadSwiftDemoTests;
				PRODUCT_NAME = "$(TARGET_NAME)";
				SWIFT_VERSION = 5.0;
				TARGETED_DEVICE_FAMILY = "1,2";
				TEST_HOST = "$(BUILT_PRODUCTS_DIR)/ThreadSwiftDemo.app/ThreadSwiftDemo";
			};
			name = Debug;
		};
		A117CB0822B8E98A00276235 /* Release */ = {
			isa = XCBuildConfiguration;
			buildSettings = {
				ALWAYS_EMBED_SWIFT_STANDARD_LIBRARIES = YES;
				BUNDLE_LOADER = "$(TEST_HOST)";
				CODE_SIGN_STYLE = Automatic;
				DEVELOPMENT_TEAM = LJS52UBL9T;
				INFOPLIST_FILE = ThreadSwiftDemoTests/Info.plist;
				LD_RUNPATH_SEARCH_PATHS = (
					"$(inherited)",
					"@executable_path/Frameworks",
					"@loader_path/Frameworks",
				);
				PRODUCT_BUNDLE_IDENTIFIER = im.botim.network.ThreadSwiftDemoTests;
				PRODUCT_NAME = "$(TARGET_NAME)";
				SWIFT_VERSION = 5.0;
				TARGETED_DEVICE_FAMILY = "1,2";
				TEST_HOST = "$(BUILT_PRODUCTS_DIR)/ThreadSwiftDemo.app/ThreadSwiftDemo";
			};
			name = Release;
		};
		A117CB0A22B8E98A00276235 /* Debug */ = {
			isa = XCBuildConfiguration;
			buildSettings = {
				ALWAYS_EMBED_SWIFT_STANDARD_LIBRARIES = YES;
				CODE_SIGN_STYLE = Automatic;
				DEVELOPMENT_TEAM = LJS52UBL9T;
				INFOPLIST_FILE = ThreadSwiftDemoUITests/Info.plist;
				LD_RUNPATH_SEARCH_PATHS = (
					"$(inherited)",
					"@executable_path/Frameworks",
					"@loader_path/Frameworks",
				);
				PRODUCT_BUNDLE_IDENTIFIER = im.botim.network.ThreadSwiftDemoUITests;
				PRODUCT_NAME = "$(TARGET_NAME)";
				SWIFT_VERSION = 5.0;
				TARGETED_DEVICE_FAMILY = "1,2";
				TEST_TARGET_NAME = ThreadSwiftDemo;
			};
			name = Debug;
		};
		A117CB0B22B8E98A00276235 /* Release */ = {
			isa = XCBuildConfiguration;
			buildSettings = {
				ALWAYS_EMBED_SWIFT_STANDARD_LIBRARIES = YES;
				CODE_SIGN_STYLE = Automatic;
				DEVELOPMENT_TEAM = LJS52UBL9T;
				INFOPLIST_FILE = ThreadSwiftDemoUITests/Info.plist;
				LD_RUNPATH_SEARCH_PATHS = (
					"$(inherited)",
					"@executable_path/Frameworks",
					"@loader_path/Frameworks",
				);
				PRODUCT_BUNDLE_IDENTIFIER = im.botim.network.ThreadSwiftDemoUITests;
				PRODUCT_NAME = "$(TARGET_NAME)";
				SWIFT_VERSION = 5.0;
				TARGETED_DEVICE_FAMILY = "1,2";
				TEST_TARGET_NAME = ThreadSwiftDemo;
			};
			name = Release;
		};
/* End XCBuildConfiguration section */

/* Begin XCConfigurationList section */
		A117CAD622B8E98900276235 /* Build configuration list for PBXProject "ThreadSwiftDemo" */ = {
			isa = XCConfigurationList;
			buildConfigurations = (
				A117CB0122B8E98A00276235 /* Debug */,
				A117CB0222B8E98A00276235 /* Release */,
			);
			defaultConfigurationIsVisible = 0;
			defaultConfigurationName = Release;
		};
		A117CB0322B8E98A00276235 /* Build configuration list for PBXNativeTarget "ThreadSwiftDemo" */ = {
			isa = XCConfigurationList;
			buildConfigurations = (
				A117CB0422B8E98A00276235 /* Debug */,
				A117CB0522B8E98A00276235 /* Release */,
			);
			defaultConfigurationIsVisible = 0;
			defaultConfigurationName = Release;
		};
		A117CB0622B8E98A00276235 /* Build configuration list for PBXNativeTarget "ThreadSwiftDemoTests" */ = {
			isa = XCConfigurationList;
			buildConfigurations = (
				A117CB0722B8E98A00276235 /* Debug */,
				A117CB0822B8E98A00276235 /* Release */,
			);
			defaultConfigurationIsVisible = 0;
			defaultConfigurationName = Release;
		};
		A117CB0922B8E98A00276235 /* Build configuration list for PBXNativeTarget "ThreadSwiftDemoUITests" */ = {
			isa = XCConfigurationList;
			buildConfigurations = (
				A117CB0A22B8E98A00276235 /* Debug */,
				A117CB0B22B8E98A00276235 /* Release */,
			);
			defaultConfigurationIsVisible = 0;
			defaultConfigurationName = Release;
		};
/* End XCConfigurationList section */
	};
	rootObject = A117CAD322B8E98900276235 /* Project object */;
}
